// !$*UTF8*$!
{
	archiveVersion = 1;
	classes = {
	};
	objectVersion = 46;
	objects = {

/* Begin PBXBuildFile section */
		DA16747F1D0CFB1A007BCB50 /* main.m in Sources */ = {isa = PBXBuildFile; fileRef = DA16747E1D0CFB1A007BCB50 /* main.m */; };
		DA1674821D0CFB1A007BCB50 /* AppDelegate.m in Sources */ = {isa = PBXBuildFile; fileRef = DA1674811D0CFB1A007BCB50 /* AppDelegate.m */; };
		DA1674851D0CFB1A007BCB50 /* ViewController.m in Sources */ = {isa = PBXBuildFile; fileRef = DA1674841D0CFB1A007BCB50 /* ViewController.m */; };
		DA1674881D0CFB1B007BCB50 /* Main.storyboard in Resources */ = {isa = PBXBuildFile; fileRef = DA1674861D0CFB1B007BCB50 /* Main.storyboard */; };
		DA16748A1D0CFB1B007BCB50 /* Assets.xcassets in Resources */ = {isa = PBXBuildFile; fileRef = DA1674891D0CFB1B007BCB50 /* Assets.xcassets */; };
		DA16748D1D0CFB1B007BCB50 /* LaunchScreen.storyboard in Resources */ = {isa = PBXBuildFile; fileRef = DA16748B1D0CFB1B007BCB50 /* LaunchScreen.storyboard */; };
		DAB4B5F81D0D0EC100FF5D7E /* share.png in Resources */ = {isa = PBXBuildFile; fileRef = DAB4B5F71D0D0EC100FF5D7E /* share.png */; };
/* End PBXBuildFile section */

/* Begin PBXFileReference section */
		DA16747A1D0CFB17007BCB50 /* NSUrlSession.app */ = {isa = PBXFileReference; explicitFileType = wrapper.application; includeInIndex = 0; path = NSUrlSession.app; sourceTree = BUILT_PRODUCTS_DIR; };
		DA16747E1D0CFB1A007BCB50 /* main.m */ = {isa = PBXFileReference; lastKnownFileType = sourcecode.c.objc; path = main.m; sourceTree = "<group>"; };
		DA1674801D0CFB1A007BCB50 /* AppDelegate.h */ = {isa = PBXFileReference; lastKnownFileType = sourcecode.c.h; path = AppDelegate.h; sourceTree = "<group>"; };
		DA1674811D0CFB1A007BCB50 /* AppDelegate.m */ = {isa = PBXFileReference; lastKnownFileType = sourcecode.c.objc; path = AppDelegate.m; sourceTree = "<group>"; };
		DA1674831D0CFB1A007BCB50 /* ViewController.h */ = {isa = PBXFileReference; lastKnownFileType = sourcecode.c.h; path = ViewController.h; sourceTree = "<group>"; };
		DA1674841D0CFB1A007BCB50 /* ViewController.m */ = {isa = PBXFileReference; lastKnownFileType = sourcecode.c.objc; path = ViewController.m; sourceTree = "<group>"; };
		DA1674871D0CFB1B007BCB50 /* Base */ = {isa = PBXFileReference; lastKnownFileType = file.storyboard; name = Base; path = Base.lproj/Main.storyboard; sourceTree = "<group>"; };
		DA1674891D0CFB1B007BCB50 /* Assets.xcassets */ = {isa = PBXFileReference; lastKnownFileType = folder.assetcatalog; path = Assets.xcassets; sourceTree = "<group>"; };
		DA16748C1D0CFB1B007BCB50 /* Base */ = {isa = PBXFileReference; lastKnownFileType = file.storyboard; name = Base; path = Base.lproj/LaunchScreen.storyboard; sourceTree = "<group>"; };
		DA16748E1D0CFB1B007BCB50 /* Info.plist */ = {isa = PBXFileReference; lastKnownFileType = text.plist.xml; path = Info.plist; sourceTree = "<group>"; };
		DAB4B5F71D0D0EC100FF5D7E /* share.png */ = {isa = PBXFileReference; lastKnownFileType = image.png; path = share.png; sourceTree = "<group>"; };
/* End PBXFileReference section */

/* Begin PBXFrameworksBuildPhase section */
		DA1674771D0CFB17007BCB50 /* Frameworks */ = {
			isa = PBXFrameworksBuildPhase;
			buildActionMask = 2147483647;
			files = (
			);
			runOnlyForDeploymentPostprocessing = 0;
		};
/* End PBXFrameworksBuildPhase section */

/* Begin PBXGroup section */
		DA1674711D0CFB17007BCB50 = {
			isa = PBXGroup;
			children = (
				DA16747C1D0CFB19007BCB50 /* NSUrlSession */,
				DA16747B1D0CFB18007BCB50 /* Products */,
			);
			sourceTree = "<group>";
		};
		DA16747B1D0CFB18007BCB50 /* Products */ = {
			isa = PBXGroup;
			children = (
				DA16747A1D0CFB17007BCB50 /* NSUrlSession.app */,
			);
			name = Products;
			sourceTree = "<group>";
		};
		DA16747C1D0CFB19007BCB50 /* NSUrlSession */ = {
			isa = PBXGroup;
			children = (
				DA1674801D0CFB1A007BCB50 /* AppDelegate.h */,
				DA1674811D0CFB1A007BCB50 /* AppDelegate.m */,
				DA1674831D0CFB1A007BCB50 /* ViewController.h */,
				DAB4B5F71D0D0EC100FF5D7E /* share.png */,
				DA1674841D0CFB1A007BCB50 /* ViewController.m */,
				DA1674861D0CFB1B007BCB50 /* Main.storyboard */,
				DA1674891D0CFB1B007BCB50 /* Assets.xcassets */,
				DA16748B1D0CFB1B007BCB50 /* LaunchScreen.storyboard */,
				DA16748E1D0CFB1B007BCB50 /* Info.plist */,
				DA16747D1D0CFB1A007BCB50 /* Supporting Files */,
			);
			path = NSUrlSession;
			sourceTree = "<group>";
		};
		DA16747D1D0CFB1A007BCB50 /* Supporting Files */ = {
			isa = PBXGroup;
			children = (
				DA16747E1D0CFB1A007BCB50 /* main.m */,
			);
			name = "Supporting Files";
			sourceTree = "<group>";
		};
/* End PBXGroup section */

/* Begin PBXNativeTarget section */
		DA1674791D0CFB17007BCB50 /* NSUrlSession */ = {
			isa = PBXNativeTarget;
			buildConfigurationList = DA1674911D0CFB1B007BCB50 /* Build configuration list for PBXNativeTarget "NSUrlSession" */;
			buildPhases = (
				DA1674761D0CFB17007BCB50 /* Sources */,
				DA1674771D0CFB17007BCB50 /* Frameworks */,
				DA1674781D0CFB17007BCB50 /* Resources */,
			);
			buildRules = (
			);
			dependencies = (
			);
			name = NSUrlSession;
			productName = NSUrlSession;
			productReference = DA16747A1D0CFB17007BCB50 /* NSUrlSession.app */;
			productType = "com.apple.product-type.application";
		};
/* End PBXNativeTarget section */

/* Begin PBXProject section */
		DA1674721D0CFB17007BCB50 /* Project object */ = {
			isa = PBXProject;
			attributes = {
				LastUpgradeCheck = 0730;
				ORGANIZATIONNAME = noci;
				TargetAttributes = {
					DA1674791D0CFB17007BCB50 = {
						CreatedOnToolsVersion = 7.3;
						DevelopmentTeam = ZW46597QUH;
					};
				};
			};
			buildConfigurationList = DA1674751D0CFB17007BCB50 /* Build configuration list for PBXProject "NSUrlSession" */;
			compatibilityVersion = "Xcode 3.2";
			developmentRegion = English;
			hasScannedForEncodings = 0;
			knownRegions = (
				en,
				Base,
			);
			mainGroup = DA1674711D0CFB17007BCB50;
			productRefGroup = DA16747B1D0CFB18007BCB50 /* Products */;
			projectDirPath = "";
			projectRoot = "";
			targets = (
				DA1674791D0CFB17007BCB50 /* NSUrlSession */,
			);
		};
/* End PBXProject section */

/* Begin PBXResourcesBuildPhase section */
		DA1674781D0CFB17007BCB50 /* Resources */ = {
			isa = PBXResourcesBuildPhase;
			buildActionMask = 2147483647;
			files = (
				DA16748D1D0CFB1B007BCB50 /* LaunchScreen.storyboard in Resources */,
				DA16748A1D0CFB1B007BCB50 /* Assets.xcassets in Resources */,
				DA1674881D0CFB1B007BCB50 /* Main.storyboard in Resources */,
				DAB4B5F81D0D0EC100FF5D7E /* share.png in Resources */,
			);
			runOnlyForDeploymentPostprocessing = 0;
		};
/* End PBXResourcesBuildPhase section */

/* Begin PBXSourcesBuildPhase section */
		DA1674761D0CFB17007BCB50 /* Sources */ = {
			isa = PBXSourcesBuildPhase;
			buildActionMask = 2147483647;
			files = (
				DA1674851D0CFB1A007BCB50 /* ViewController.m in Sources */,
				DA1674821D0CFB1A007BCB50 /* AppDelegate.m in Sources */,
				DA16747F1D0CFB1A007BCB50 /* main.m in Sources */,
			);
			runOnlyForDeploymentPostprocessing = 0;
		};
/* End PBXSourcesBuildPhase section */

/* Begin PBXVariantGroup section */
		DA1674861D0CFB1B007BCB50 /* Main.storyboard */ = {
			isa = PBXVariantGroup;
			children = (
				DA1674871D0CFB1B007BCB50 /* Base */,
			);
			name = Main.storyboard;
			sourceTree = "<group>";
		};
		DA16748B1D0CFB1B007BCB50 /* LaunchScreen.storyboard */ = {
			isa = PBXVariantGroup;
			children = (
				DA16748C1D0CFB1B007BCB50 /* Base */,
			);
			name = LaunchScreen.storyboard;
			sourceTree = "<group>";
		};
/* End PBXVariantGroup section */

/* Begin XCBuildConfiguration section */
		DA16748F1D0CFB1B007BCB50 /* Debug */ = {
			isa = XCBuildConfiguration;
			buildSettings = {
				ALWAYS_SEARCH_USER_PATHS = NO;
				CLANG_ANALYZER_NONNULL = YES;
				CLANG_CXX_LANGUAGE_STANDARD = "gnu++0x";
				CLANG_CXX_LIBRARY = "libc++";
				CLANG_ENABLE_MODULES = YES;
				CLANG_ENABLE_OBJC_ARC = YES;
				CLANG_WARN_BOOL_CONVERSION = YES;
				CLANG_WARN_CONSTANT_CONVERSION = YES;
				CLANG_WARN_DIRECT_OBJC_ISA_USAGE = YES_ERROR;
				CLANG_WARN_EMPTY_BODY = YES;
				CLANG_WARN_ENUM_CONVERSION = YES;
				CLANG_WARN_INT_CONVERSION = YES;
				CLANG_WARN_OBJC_ROOT_CLASS = YES_ERROR;
				CLANG_WARN_UNREACHABLE_CODE = YES;
				CLANG_WARN__DUPLICATE_METHOD_MATCH = YES;
				"CODE_SIGN_IDENTITY[sdk=iphoneos*]" = "iPhone Developer";
				COPY_PHASE_STRIP = NO;
				DEBUG_INFORMATION_FORMAT = dwarf;
				ENABLE_STRICT_OBJC_MSGSEND = YES;
				ENABLE_TESTABILITY = YES;
				GCC_C_LANGUAGE_STANDARD = gnu99;
				GCC_DYNAMIC_NO_PIC = NO;
				GCC_NO_COMMON_BLOCKS = YES;
				GCC_OPTIMIZATION_LEVEL = 0;
				GCC_PREPROCESSOR_DEFINITIONS = (
					"DEBUG=1",
					"$(inherited)",
				);
				GCC_WARN_64_TO_32_BIT_CONVERSION = YES;
				GCC_WARN_ABOUT_RETURN_TYPE = YES_ERROR;
				GCC_WARN_UNDECLARED_SELECTOR = YES;
				GCC_WARN_UNINITIALIZED_AUTOS = YES_AGGRESSIVE;
				GCC_WARN_UNUSED_FUNCTION = YES;
				GCC_WARN_UNUSED_VARIABLE = YES;
				IPHONEOS_DEPLOYMENT_TARGET = 9.3;
				MTL_ENABLE_DEBUG_INFO = YES;
				ONLY_ACTIVE_ARCH = YES;
				SDKROOT = iphoneos;
			};
			name = Debug;
		};
		DA1674901D0CFB1B007BCB50 /* Release */ = {
			isa = XCBuildConfiguration;
			buildSettings = {
				ALWAYS_SEARCH_USER_PATHS = NO;
				CLANG_ANALYZER_NONNULL = YES;
				CLANG_CXX_LANGUAGE_STANDARD = "gnu++0x";
				CLANG_CXX_LIBRARY = "libc++";
				CLANG_ENABLE_MODULES = YES;
				CLANG_ENABLE_OBJC_ARC = YES;
				CLANG_WARN_BOOL_CONVERSION = YES;
				CLANG_WARN_CONSTANT_CONVERSION = YES;
				CLANG_WARN_DIRECT_OBJC_ISA_USAGE = YES_ERROR;
				CLANG_WARN_EMPTY_BODY = YES;
				CLANG_WARN_ENUM_CONVERSION = YES;
				CLANG_WARN_INT_CONVERSION = YES;
				CLANG_WARN_OBJC_ROOT_CLASS = YES_ERROR;
				CLANG_WARN_UNREACHABLE_CODE = YES;
				CLANG_WARN__DUPLICATE_METHOD_MATCH = YES;
				"CODE_SIGN_IDENTITY[sdk=iphoneos*]" = "iPhone Developer";
				COPY_PHASE_STRIP = NO;
				DEBUG_INFORMATION_FORMAT = "dwarf-with-dsym";
				ENABLE_NS_ASSERTIONS = NO;
				ENABLE_STRICT_OBJC_MSGSEND = YES;
				GCC_C_LANGUAGE_STANDARD = gnu99;
				GCC_NO_COMMON_BLOCKS = YES;
				GCC_WARN_64_TO_32_BIT_CONVERSION = YES;
				GCC_WARN_ABOUT_RETURN_TYPE = YES_ERROR;
				GCC_WARN_UNDECLARED_SELECTOR = YES;
				GCC_WARN_UNINITIALIZED_AUTOS = YES_AGGRESSIVE;
				GCC_WARN_UNUSED_FUNCTION = YES;
				GCC_WARN_UNUSED_VARIABLE = YES;
				IPHONEOS_DEPLOYMENT_TARGET = 9.3;
				MTL_ENABLE_DEBUG_INFO = NO;
				SDKROOT = iphoneos;
				VALIDATE_PRODUCT = YES;
			};
			name = Release;
		};
		DA1674921D0CFB1B007BCB50 /* Debug */ = {
			isa = XCBuildConfiguration;
			buildSettings = {
				ASSETCATALOG_COMPILER_APPICON_NAME = AppIcon;
				CODE_SIGN_IDENTITY = "iPhone Developer";
				"CODE_SIGN_IDENTITY[sdk=iphoneos*]" = "iPhone Developer";
				INFOPLIST_FILE = NSUrlSession/Info.plist;
				LD_RUNPATH_SEARCH_PATHS = "$(inherited) @executable_path/Frameworks";
				PRODUCT_BUNDLE_IDENTIFIER = noci.com.NSUrlSession;
				PRODUCT_NAME = "$(TARGET_NAME)";
				PROVISIONING_PROFILE = "";
			};
			name = Debug;
		};
		DA1674931D0CFB1B007BCB50 /* Release */ = {
			isa = XCBuildConfiguration;
			buildSettings = {
				ASSETCATALOG_COMPILER_APPICON_NAME = AppIcon;
				CODE_SIGN_IDENTITY = "iPhone Developer";
				"CODE_SIGN_IDENTITY[sdk=iphoneos*]" = "iPhone Developer";
				INFOPLIST_FILE = NSUrlSession/Info.plist;
				LD_RUNPATH_SEARCH_PATHS = "$(inherited) @executable_path/Frameworks";
				PRODUCT_BUNDLE_IDENTIFIER = noci.com.NSUrlSession;
				PRODUCT_NAME = "$(TARGET_NAME)";
				PROVISIONING_PROFILE = "";
			};
			name = Release;
		};
/* End XCBuildConfiguration section */

/* Begin XCConfigurationList section */
		DA1674751D0CFB17007BCB50 /* Build configuration list for PBXProject "NSUrlSession" */ = {
			isa = XCConfigurationList;
			buildConfigurations = (
				DA16748F1D0CFB1B007BCB50 /* Debug */,
				DA1674901D0CFB1B007BCB50 /* Release */,
			);
			defaultConfigurationIsVisible = 0;
			defaultConfigurationName = Release;
		};
		DA1674911D0CFB1B007BCB50 /* Build configuration list for PBXNativeTarget "NSUrlSession" */ = {
			isa = XCConfigurationList;
			buildConfigurations = (
				DA1674921D0CFB1B007BCB50 /* Debug */,
				DA1674931D0CFB1B007BCB50 /* Release */,
			);
			defaultConfigurationIsVisible = 0;
			defaultConfigurationName = Release;
		};
/* End XCConfigurationList section */
	};
	rootObject = DA1674721D0CFB17007BCB50 /* Project object */;
}
